
Microsoft Visual Studio Solution File, Format Version 12.00
# Visual Studio Version 17
VisualStudioVersion = 17.8.34408.163
MinimumVisualStudioVersion = 10.0.40219.1
Project("{FAE04EC0-301F-11D3-BF4B-00C04F79EFBC}") = "SRP_2132", "SRP_2132\SRP_2132.csproj", "{DAED2388-03E9-4B69-9522-D8B5C33CD393}"
EndProject
Global
	GlobalSection(SolutionConfigurationPlatforms) = preSolution
		Debug|Any CPU = Debug|Any CPU
		Release|Any CPU = Release|Any CPU
	EndGlobalSection
	GlobalSection(ProjectConfigurationPlatforms) = postSolution
		{DAED2388-03E9-4B69-9522-D8B5C33CD393}.Debug|Any CPU.ActiveCfg = Debug|Any CPU
		{DAED2388-03E9-4B69-9522-D8B5C33CD393}.Debug|Any CPU.Build.0 = Debug|Any CPU
		{DAED2388-03E9-4B69-9522-D8B5C33CD393}.Release|Any CPU.ActiveCfg = Release|Any CPU
		{DAED2388-03E9-4B69-9522-D8B5C33CD393}.Release|Any CPU.Build.0 = Release|Any CPU
	EndGlobalSection
	GlobalSection(SolutionProperties) = preSolution
		HideSolutionNode = FALSE
	EndGlobalSection
	GlobalSection(ExtensibilityGlobals) = postSolution
		SolutionGuid = {5DEC8971-5FF4-4340-B5A2-C9F513BFB338}
	EndGlobalSection
EndGlobal
