
Microsoft Visual Studio Solution File, Format Version 12.00
# Visual Studio Version 17
VisualStudioVersion = 17.8.34408.163
MinimumVisualStudioVersion = 10.0.40219.1
Project("{FAE04EC0-301F-11D3-BF4B-00C04F79EFBC}") = "LSP_2132", "LSP_2132\LSP_2132.csproj", "{FD3B3649-0E14-4BE3-8AE3-1848DC752FF8}"
EndProject
Global
	GlobalSection(SolutionConfigurationPlatforms) = preSolution
		Debug|Any CPU = Debug|Any CPU
		Release|Any CPU = Release|Any CPU
	EndGlobalSection
	GlobalSection(ProjectConfigurationPlatforms) = postSolution
		{FD3B3649-0E14-4BE3-8AE3-1848DC752FF8}.Debug|Any CPU.ActiveCfg = Debug|Any CPU
		{FD3B3649-0E14-4BE3-8AE3-1848DC752FF8}.Debug|Any CPU.Build.0 = Debug|Any CPU
		{FD3B3649-0E14-4BE3-8AE3-1848DC752FF8}.Release|Any CPU.ActiveCfg = Release|Any CPU
		{FD3B3649-0E14-4BE3-8AE3-1848DC752FF8}.Release|Any CPU.Build.0 = Release|Any CPU
	EndGlobalSection
	GlobalSection(SolutionProperties) = preSolution
		HideSolutionNode = FALSE
	EndGlobalSection
	GlobalSection(ExtensibilityGlobals) = postSolution
		SolutionGuid = {7B05AA27-C99F-410F-B916-0C75EB9ED856}
	EndGlobalSection
EndGlobal
